
Microsoft Visual Studio Solution File, Format Version 12.00
# Visual Studio 15
VisualStudioVersion = 15.0.27130.2027
MinimumVisualStudioVersion = 10.0.40219.1
Project("{FAE04EC0-301F-11D3-BF4B-00C04F79EFBC}") = "F1ScreenLogger", "F1ScreenLogger\F1ScreenLogger.csproj", "{8BD7E469-C52A-4245-BD62-AA38F48CFC81}"
EndProject
Project("{FAE04EC0-301F-11D3-BF4B-00C04F79EFBC}") = "SupportClasses", "SupportClasses\SupportClasses.csproj", "{9504419A-6F2F-48DF-A86D-798B907979D0}"
EndProject
Global
	GlobalSection(SolutionConfigurationPlatforms) = preSolution
		Debug|Any CPU = Debug|Any CPU
		Release|Any CPU = Release|Any CPU
	EndGlobalSection
	GlobalSection(ProjectConfigurationPlatforms) = postSolution
		{8BD7E469-C52A-4245-BD62-AA38F48CFC81}.Debug|Any CPU.ActiveCfg = Debug|Any CPU
		{8BD7E469-C52A-4245-BD62-AA38F48CFC81}.Debug|Any CPU.Build.0 = Debug|Any CPU
		{8BD7E469-C52A-4245-BD62-AA38F48CFC81}.Release|Any CPU.ActiveCfg = Release|Any CPU
		{8BD7E469-C52A-4245-BD62-AA38F48CFC81}.Release|Any CPU.Build.0 = Release|Any CPU
		{9504419A-6F2F-48DF-A86D-798B907979D0}.Debug|Any CPU.ActiveCfg = Debug|Any CPU
		{9504419A-6F2F-48DF-A86D-798B907979D0}.Debug|Any CPU.Build.0 = Debug|Any CPU
		{9504419A-6F2F-48DF-A86D-798B907979D0}.Release|Any CPU.ActiveCfg = Release|Any CPU
		{9504419A-6F2F-48DF-A86D-798B907979D0}.Release|Any CPU.Build.0 = Release|Any CPU
	EndGlobalSection
	GlobalSection(SolutionProperties) = preSolution
		HideSolutionNode = FALSE
	EndGlobalSection
	GlobalSection(ExtensibilityGlobals) = postSolution
		SolutionGuid = {9438AC4E-55FD-450A-B13D-786CF8D296FB}
	EndGlobalSection
EndGlobal
