
Microsoft Visual Studio Solution File, Format Version 12.00
# Visual Studio 14
VisualStudioVersion = 14.0.25420.1
MinimumVisualStudioVersion = 10.0.40219.1
Project("{888888A0-9F3D-457C-B088-3A5042F75D52}") = "nn_models", "nn_models\nn_models.pyproj", "{3394588A-C901-4B2D-85C4-3855A7A87134}"
EndProject
Project("{2150E333-8FDC-42A3-9474-1A3956D46DE8}") = "Solution Items", "Solution Items", "{B0E2881E-648A-42B6-AFCE-E4D9A377E7DD}"
	ProjectSection(SolutionItems) = preProject
		nn_models\admiral_config.csv = nn_models\admiral_config.csv
		nn_models\admiral_config_aggressive.csv = nn_models\admiral_config_aggressive.csv
		nn_models\admiral_config_aggressive_optical_flow.csv = nn_models\admiral_config_aggressive_optical_flow.csv
		nn_models\admiral_config_longcontext.csv = nn_models\admiral_config_longcontext.csv
		nn_models\admiral_config_longcontext_aggressive.csv = nn_models\admiral_config_longcontext_aggressive.csv
		nn_models\admiral_config_oneprediction.csv = nn_models\admiral_config_oneprediction.csv
		nn_models\admiral_config_oneprediction_aggressive.csv = nn_models\admiral_config_oneprediction_aggressive.csv
		nn_models\admiral_config_oneprediction_aggressive_optical_flow.csv = nn_models\admiral_config_oneprediction_aggressive_optical_flow.csv
		admiralnet_config_longhidden.csv = admiralnet_config_longhidden.csv
		nn_models\commandant_config_aggressive_opticalflow.csv = nn_models\commandant_config_aggressive_opticalflow.csv
		nn_models\commandant_config_longcontext_aggressive.csv = nn_models\commandant_config_longcontext_aggressive.csv
		nn_models\commandant_config_oneprediction_aggressive.csv = nn_models\commandant_config_oneprediction_aggressive.csv
		nn_models\commandant_config_oneprediction_aggressive_opticalflow.csv = nn_models\commandant_config_oneprediction_aggressive_opticalflow.csv
		nn_models\ensignnet_config_scaled_aggressive.csv = nn_models\ensignnet_config_scaled_aggressive.csv
		nn_models\pilotnet_config_aggressive.csv = nn_models\pilotnet_config_aggressive.csv
		nn_models\pilotnet_config_scaled.csv = nn_models\pilotnet_config_scaled.csv
		nn_models\pilotnet_config_scaled_hyperaggressive.csv = nn_models\pilotnet_config_scaled_hyperaggressive.csv
		nn_models\pilotnetnorelu_config_scaled.csv = nn_models\pilotnetnorelu_config_scaled.csv
		nn_models\pilotnetnorelu_config_scaled_aggressive.csv = nn_models\pilotnetnorelu_config_scaled_aggressive.csv
		nn_models\resnet_config_passive.csv = nn_models\resnet_config_passive.csv
	EndProjectSection
EndProject
Project("{888888A0-9F3D-457C-B088-3A5042F75D52}") = "data-logger", "..\data-logger\data-logger.pyproj", "{8905DEA8-04EA-4242-B4D1-DDA74ECFDD92}"
EndProject
Global
	GlobalSection(SolutionConfigurationPlatforms) = preSolution
		Debug|Any CPU = Debug|Any CPU
		Release|Any CPU = Release|Any CPU
	EndGlobalSection
	GlobalSection(ProjectConfigurationPlatforms) = postSolution
		{3394588A-C901-4B2D-85C4-3855A7A87134}.Debug|Any CPU.ActiveCfg = Debug|Any CPU
		{3394588A-C901-4B2D-85C4-3855A7A87134}.Release|Any CPU.ActiveCfg = Release|Any CPU
		{8905DEA8-04EA-4242-B4D1-DDA74ECFDD92}.Debug|Any CPU.ActiveCfg = Debug|Any CPU
		{8905DEA8-04EA-4242-B4D1-DDA74ECFDD92}.Release|Any CPU.ActiveCfg = Release|Any CPU
	EndGlobalSection
	GlobalSection(SolutionProperties) = preSolution
		HideSolutionNode = FALSE
	EndGlobalSection
EndGlobal
